# THIS IS AN AUTOGENERATED FILE. DO NOT EDIT THIS FILE DIRECTLY.
# yarn lockfile v1


"@csstools/convert-colors@^1.4.0":
  version "1.4.0"
  resolved "https://registry.yarnpkg.com/@csstools/convert-colors/-/convert-colors-1.4.0.tgz#ad495dc41b12e75d588c6db8b9834f08fa131eb7"

"@csstools/postcss-image-set-function@^1.0.0":
  version "1.0.0"
  resolved "https://registry.yarnpkg.com/@csstools/postcss-image-set-function/-/postcss-image-set-function-1.0.0.tgz#1ef0913d90a9c4440495eb41624c202e53a703f3"
  dependencies:
    postcss "^6.0.20"
    postcss-value-parser "^3.3.0"

"@csstools/sass-import-resolve@^1":
  version "1.0.0"
  resolved "https://registry.yarnpkg.com/@csstools/sass-import-resolve/-/sass-import-resolve-1.0.0.tgz#32c3cdb2f7af3cd8f0dca357b592e7271f3831b5"

ansi-regex@^2.0.0:
  version "2.1.1"
  resolved "https://registry.yarnpkg.com/ansi-regex/-/ansi-regex-2.1.1.tgz#c3b33ab5ee360d86e0e628f0468ae7ef27d654df"

ansi-styles@^2.2.1:
  version "2.2.1"
  resolved "https://registry.yarnpkg.com/ansi-styles/-/ansi-styles-2.2.1.tgz#b432dd3358b634cf75e1e4664368240533c1ddbe"

ansi-styles@^3.2.1:
  version "3.2.1"
  resolved "https://registry.yarnpkg.com/ansi-styles/-/ansi-styles-3.2.1.tgz#41fbb20243e50b12be0f04b8dedbf07520ce841d"
  dependencies:
    color-convert "^1.9.0"

babel-runtime@^6.23.0:
  version "6.26.0"
  resolved "https://registry.yarnpkg.com/babel-runtime/-/babel-runtime-6.26.0.tgz#965c7058668e82b55d7bfe04ff2337bc8b5647fe"
  dependencies:
    core-js "^2.4.0"
    regenerator-runtime "^0.11.0"

balanced-match@^0.4.2:
  version "0.4.2"
  resolved "https://registry.yarnpkg.com/balanced-match/-/balanced-match-0.4.2.tgz#cb3f3e3c732dc0f01ee70b403f302e61d7709838"

balanced-match@^1.0.0:
  version "1.0.0"
  resolved "https://registry.yarnpkg.com/balanced-match/-/balanced-match-1.0.0.tgz#89b4d199ab2bee49de164ea02b89ce462d71b767"

browserslist@^3.2.4:
  version "3.2.8"
  resolved "https://registry.yarnpkg.com/browserslist/-/browserslist-3.2.8.tgz#b0005361d6471f0f5952797a76fc985f1f978fc6"
  dependencies:
    caniuse-lite "^1.0.30000844"
    electron-to-chromium "^1.3.47"

caniuse-lite@^1.0.30000823, caniuse-lite@^1.0.30000844:
  version "1.0.30000847"
  resolved "https://registry.yarnpkg.com/caniuse-lite/-/caniuse-lite-1.0.30000847.tgz#be77f439be29bbc57ae08004b1e470b653b1ec1d"

chalk@^1.1.3:
  version "1.1.3"
  resolved "https://registry.yarnpkg.com/chalk/-/chalk-1.1.3.tgz#a8115c55e4a702fe4d150abd3872822a7e09fc98"
  dependencies:
    ansi-styles "^2.2.1"
    escape-string-regexp "^1.0.2"
    has-ansi "^2.0.0"
    strip-ansi "^3.0.0"
    supports-color "^2.0.0"

chalk@^2.4.1:
  version "2.4.1"
  resolved "https://registry.yarnpkg.com/chalk/-/chalk-2.4.1.tgz#18c49ab16a037b6eb0152cc83e3471338215b66e"
  dependencies:
    ansi-styles "^3.2.1"
    escape-string-regexp "^1.0.5"
    supports-color "^5.3.0"

color-convert@^1.8.2, color-convert@^1.9.0:
  version "1.9.1"
  resolved "https://registry.yarnpkg.com/color-convert/-/color-convert-1.9.1.tgz#c1261107aeb2f294ebffec9ed9ecad529a6097ed"
  dependencies:
    color-name "^1.1.1"

color-name@^1.0.0, color-name@^1.1.1:
  version "1.1.3"
  resolved "https://registry.yarnpkg.com/color-name/-/color-name-1.1.3.tgz#a7d0558bd89c42f795dd42328f740831ca53bc25"

color-string@^1.4.0:
  version "1.5.2"
  resolved "https://registry.yarnpkg.com/color-string/-/color-string-1.5.2.tgz#26e45814bc3c9a7cbd6751648a41434514a773a9"
  dependencies:
    color-name "^1.0.0"
    simple-swizzle "^0.2.2"

color@^1.0.3:
  version "1.0.3"
  resolved "https://registry.yarnpkg.com/color/-/color-1.0.3.tgz#e48e832d85f14ef694fb468811c2d5cfe729b55d"
  dependencies:
    color-convert "^1.8.2"
    color-string "^1.4.0"

core-js@^2.4.0:
  version "2.5.7"
  resolved "https://registry.yarnpkg.com/core-js/-/core-js-2.5.7.tgz#f972608ff0cead68b841a16a932d0b183791814e"

cssdb@^1.6.0:
  version "1.6.0"
  resolved "https://registry.yarnpkg.com/cssdb/-/cssdb-1.6.0.tgz#3360c4163e07cf4d1efe58c1bc15170535f4d393"

dot-prop@^4.1.1:
  version "4.2.0"
  resolved "https://registry.yarnpkg.com/dot-prop/-/dot-prop-4.2.0.tgz#1f19e0c2e1aa0e32797c49799f2837ac6af69c57"
  dependencies:
    is-obj "^1.0.0"

electron-to-chromium@^1.3.47:
  version "1.3.48"
  resolved "https://registry.yarnpkg.com/electron-to-chromium/-/electron-to-chromium-1.3.48.tgz#d3b0d8593814044e092ece2108fc3ac9aea4b900"

escape-string-regexp@^1.0.2, escape-string-regexp@^1.0.5:
  version "1.0.5"
  resolved "https://registry.yarnpkg.com/escape-string-regexp/-/escape-string-regexp-1.0.5.tgz#1b61c0562190a8dff6ae3bb2cf0200ca130b86d4"

flatten@^1.0.2:
  version "1.0.2"
  resolved "https://registry.yarnpkg.com/flatten/-/flatten-1.0.2.tgz#dae46a9d78fbe25292258cc1e780a41d95c03782"

has-ansi@^2.0.0:
  version "2.0.0"
  resolved "https://registry.yarnpkg.com/has-ansi/-/has-ansi-2.0.0.tgz#34f5049ce1ecdf2b0649af3ef24e45ed35416d91"
  dependencies:
    ansi-regex "^2.0.0"

has-flag@^1.0.0:
  version "1.0.0"
  resolved "https://registry.yarnpkg.com/has-flag/-/has-flag-1.0.0.tgz#9d9e793165ce017a00f00418c43f942a7b1d11fa"

has-flag@^3.0.0:
  version "3.0.0"
  resolved "https://registry.yarnpkg.com/has-flag/-/has-flag-3.0.0.tgz#b5d454dc2199ae225699f3467e5a07f3b955bafd"

indexes-of@^1.0.1:
  version "1.0.1"
  resolved "https://registry.yarnpkg.com/indexes-of/-/indexes-of-1.0.1.tgz#f30f716c8e2bd346c7b67d3df3915566a7c05607"

is-arrayish@^0.3.1:
  version "0.3.1"
  resolved "https://registry.yarnpkg.com/is-arrayish/-/is-arrayish-0.3.1.tgz#c2dfc386abaa0c3e33c48db3fe87059e69065efd"

is-obj@^1.0.0:
  version "1.0.1"
  resolved "https://registry.yarnpkg.com/is-obj/-/is-obj-1.0.1.tgz#3e4729ac1f5fde025cd7d83a896dab9f4f67db0f"

js-base64@^2.1.9:
  version "2.4.5"
  resolved "https://registry.yarnpkg.com/js-base64/-/js-base64-2.4.5.tgz#e293cd3c7c82f070d700fc7a1ca0a2e69f101f92"

lodash._reinterpolate@~3.0.0:
  version "3.0.0"
  resolved "https://registry.yarnpkg.com/lodash._reinterpolate/-/lodash._reinterpolate-3.0.0.tgz#0ccf2d89166af03b3663c796538b75ac6e114d9d"

lodash.template@^4.2.4:
  version "4.4.0"
  resolved "https://registry.yarnpkg.com/lodash.template/-/lodash.template-4.4.0.tgz#e73a0385c8355591746e020b99679c690e68fba0"
  dependencies:
    lodash._reinterpolate "~3.0.0"
    lodash.templatesettings "^4.0.0"

lodash.templatesettings@^4.0.0:
  version "4.1.0"
  resolved "https://registry.yarnpkg.com/lodash.templatesettings/-/lodash.templatesettings-4.1.0.tgz#2b4d4e95ba440d915ff08bc899e4553666713316"
  dependencies:
    lodash._reinterpolate "~3.0.0"

object-assign@^4.0.1:
  version "4.1.1"
  resolved "https://registry.yarnpkg.com/object-assign/-/object-assign-4.1.1.tgz#2109adc7965887cfc05cbbd442cac8bfbb360863"

path-parse@^1.0.5:
  version "1.0.5"
  resolved "https://registry.yarnpkg.com/path-parse/-/path-parse-1.0.5.tgz#3c1adf871ea9cd6c9431b6ea2bd74a0ff055c4c1"

pify@^2.3.0:
  version "2.3.0"
  resolved "https://registry.yarnpkg.com/pify/-/pify-2.3.0.tgz#ed141a6ac043a849ea588498e7dca8b15330e90c"

postcss-advanced-variables@^2.3.3:
  version "2.3.3"
  resolved "https://registry.yarnpkg.com/postcss-advanced-variables/-/postcss-advanced-variables-2.3.3.tgz#80ac5b05988d02f63352974491e319910f33337e"
  dependencies:
    "@csstools/sass-import-resolve" "^1"
    postcss "^6"

postcss-apply@^0.9.0:
  version "0.9.0"
  resolved "https://registry.yarnpkg.com/postcss-apply/-/postcss-apply-0.9.0.tgz#a152e6e34a6c55d0895751929319c262c5d8c289"
  dependencies:
    babel-runtime "^6.23.0"
    balanced-match "^0.4.2"
    postcss "^6.0.0"

postcss-atroot@^0.1.3:
  version "0.1.3"
  resolved "https://registry.yarnpkg.com/postcss-atroot/-/postcss-atroot-0.1.3.tgz#6752c0230c745140549345b2b0e30ebeda01a405"
  dependencies:
    postcss "^5.0.5"

postcss-attribute-case-insensitive@^2.0.0:
  version "2.0.0"
  resolved "https://registry.yarnpkg.com/postcss-attribute-case-insensitive/-/postcss-attribute-case-insensitive-2.0.0.tgz#94dc422c8f90997f16bd33a3654bbbec084963b4"
  dependencies:
    postcss "^6.0.0"
    postcss-selector-parser "^2.2.3"

postcss-color-hex-alpha@^3.0.0:
  version "3.0.0"
  resolved "https://registry.yarnpkg.com/postcss-color-hex-alpha/-/postcss-color-hex-alpha-3.0.0.tgz#1e53e6c8acb237955e8fd08b7ecdb1b8b8309f95"
  dependencies:
    color "^1.0.3"
    postcss "^6.0.1"
    postcss-message-helpers "^2.0.0"

postcss-color-mod-function@^2.4.2:
  version "2.4.2"
  resolved "https://registry.yarnpkg.com/postcss-color-mod-function/-/postcss-color-mod-function-2.4.2.tgz#bdf408f152bc3201517a4c38b7eb5cd2996114fb"
  dependencies:
    "@csstools/convert-colors" "^1.4.0"
    postcss "^6.0.19"
    postcss-values-parser "^1.3.2"

postcss-color-rebeccapurple@^3.0.0:
  version "3.1.0"
  resolved "https://registry.yarnpkg.com/postcss-color-rebeccapurple/-/postcss-color-rebeccapurple-3.1.0.tgz#ce1269ecc2d0d8bf92aab44bd884e633124c33ec"
  dependencies:
    postcss "^6.0.22"
    postcss-values-parser "^1.5.0"

postcss-color-rgb@^2.0.0:
  version "2.0.0"
  resolved "https://registry.yarnpkg.com/postcss-color-rgb/-/postcss-color-rgb-2.0.0.tgz#14539c8a7131494b482e0dd1cc265ff6514b5263"
  dependencies:
    postcss "^6.0.1"
    postcss-value-parser "^3.3.0"

postcss-custom-media@^6.0.0:
  version "6.0.0"
  resolved "https://registry.yarnpkg.com/postcss-custom-media/-/postcss-custom-media-6.0.0.tgz#be532784110ecb295044fb5395a18006eb21a737"
  dependencies:
    postcss "^6.0.1"

postcss-custom-properties@^7.0.0:
  version "7.0.0"
  resolved "https://registry.yarnpkg.com/postcss-custom-properties/-/postcss-custom-properties-7.0.0.tgz#24dc4fbe6d6ed550ea4fd3b11204660e9ffa3b33"
  dependencies:
    balanced-match "^1.0.0"
    postcss "^6.0.18"

postcss-custom-selectors@^4.0.1:
  version "4.0.1"
  resolved "https://registry.yarnpkg.com/postcss-custom-selectors/-/postcss-custom-selectors-4.0.1.tgz#781382f94c52e727ef5ca4776ea2adf49a611382"
  dependencies:
    postcss "^6.0.1"
    postcss-selector-matches "^3.0.0"

postcss-dir-pseudo-class@^3.0.0:
  version "3.0.0"
  resolved "https://registry.yarnpkg.com/postcss-dir-pseudo-class/-/postcss-dir-pseudo-class-3.0.0.tgz#31a18af3b9b1b33be635599b998a9829896c3fed"
  dependencies:
    postcss "^6.0.20"
    postcss-selector-parser "^3.1.1"

postcss-extend-rule@^1.1.0:
  version "1.1.0"
  resolved "https://registry.yarnpkg.com/postcss-extend-rule/-/postcss-extend-rule-1.1.0.tgz#11e4d590ffe4253b853ef1fc03be7167da607d38"
  dependencies:
    postcss "^6.0.11"
    postcss-nesting "^4.2.1"

postcss-focus-visible@^2.0.0:
  version "2.0.0"
  resolved "https://registry.yarnpkg.com/postcss-focus-visible/-/postcss-focus-visible-2.0.0.tgz#a6b9881f6710f6251790e2f151c94b161e23eeb6"
  dependencies:
    postcss "^6.0"

postcss-font-family-system-ui@^3.0.0:
  version "3.0.0"
  resolved "https://registry.yarnpkg.com/postcss-font-family-system-ui/-/postcss-font-family-system-ui-3.0.0.tgz#675fe7a9e029669f05f8dba2e44c2225ede80623"
  dependencies:
    postcss "^6.0"

postcss-font-variant@^3.0.0:
  version "3.0.0"
  resolved "https://registry.yarnpkg.com/postcss-font-variant/-/postcss-font-variant-3.0.0.tgz#08ccc88f6050ba82ed8ef2cc76c0c6a6b41f183e"
  dependencies:
    postcss "^6.0.1"

postcss-import@11.1.0:
  version "11.1.0"
  resolved "https://registry.yarnpkg.com/postcss-import/-/postcss-import-11.1.0.tgz#55c9362c9192994ec68865d224419df1db2981f0"
  dependencies:
    postcss "^6.0.1"
    postcss-value-parser "^3.2.3"
    read-cache "^1.0.0"
    resolve "^1.1.7"

postcss-initial@^2.0.0:
  version "2.0.0"
  resolved "https://registry.yarnpkg.com/postcss-initial/-/postcss-initial-2.0.0.tgz#72715f7336e0bb79351d99ee65c4a253a8441ba4"
  dependencies:
    lodash.template "^4.2.4"
    postcss "^6.0.1"

postcss-logical@^1.1.1:
  version "1.1.1"
  resolved "https://registry.yarnpkg.com/postcss-logical/-/postcss-logical-1.1.1.tgz#bcabf0638d8aa747743b32bc52f9d90d4a3313d2"
  dependencies:
    postcss "^6.0.20"

postcss-media-minmax@^3.0.0:
  version "3.0.0"
  resolved "https://registry.yarnpkg.com/postcss-media-minmax/-/postcss-media-minmax-3.0.0.tgz#675256037a43ef40bc4f0760bfd06d4dc69d48d2"
  dependencies:
    postcss "^6.0.1"

postcss-message-helpers@^2.0.0:
  version "2.0.0"
  resolved "https://registry.yarnpkg.com/postcss-message-helpers/-/postcss-message-helpers-2.0.0.tgz#a4f2f4fab6e4fe002f0aed000478cdf52f9ba60e"

postcss-nested@^3.0.0:
  version "3.0.0"
  resolved "https://registry.yarnpkg.com/postcss-nested/-/postcss-nested-3.0.0.tgz#cde40bd07a078565f3df72e2dc2665871c724852"
  dependencies:
    postcss "^6.0.14"
    postcss-selector-parser "^3.1.1"

postcss-nesting@^4.2.1:
  version "4.2.1"
  resolved "https://registry.yarnpkg.com/postcss-nesting/-/postcss-nesting-4.2.1.tgz#0483bce338b3f0828ced90ff530b29b98b00300d"
  dependencies:
    postcss "^6.0.11"

postcss-page-break@^1.0.0:
  version "1.0.0"
  resolved "https://registry.yarnpkg.com/postcss-page-break/-/postcss-page-break-1.0.0.tgz#09a63b6e03db092d38569b33dcba42a343ace60b"
  dependencies:
    postcss "^6.0.16"

postcss-preset-env@^3.2.2:
  version "3.5.0"
  resolved "https://registry.yarnpkg.com/postcss-preset-env/-/postcss-preset-env-3.5.0.tgz#b3aae2c65e5b3fa61d735b70392fa758a665b785"
  dependencies:
    "@csstools/postcss-image-set-function" "^1.0.0"
    browserslist "^3.2.4"
    caniuse-lite "^1.0.30000823"
    cssdb "^1.6.0"
    postcss "^6.0.21"
    postcss-apply "^0.9.0"
    postcss-attribute-case-insensitive "^2.0.0"
    postcss-color-hex-alpha "^3.0.0"
    postcss-color-mod-function "^2.4.2"
    postcss-color-rebeccapurple "^3.0.0"
    postcss-color-rgb "^2.0.0"
    postcss-custom-media "^6.0.0"
    postcss-custom-properties "^7.0.0"
    postcss-custom-selectors "^4.0.1"
    postcss-dir-pseudo-class "^3.0.0"
    postcss-focus-visible "^2.0.0"
    postcss-font-family-system-ui "^3.0.0"
    postcss-font-variant "^3.0.0"
    postcss-initial "^2.0.0"
    postcss-logical "^1.1.1"
    postcss-media-minmax "^3.0.0"
    postcss-nesting "^4.2.1"
    postcss-page-break "^1.0.0"
    postcss-pseudo-class-any-link "^4.0.0"
    postcss-replace-overflow-wrap "^2.0.0"
    postcss-selector-matches "^3.0.1"
    postcss-selector-not "^3.0.1"

postcss-property-lookup@^2.0.0:
  version "2.0.0"
  resolved "https://registry.yarnpkg.com/postcss-property-lookup/-/postcss-property-lookup-2.0.0.tgz#c995d1df42a75420f2aea834c2cbe296b2c15922"
  dependencies:
    object-assign "^4.0.1"
    postcss "^6.0.6"
    tcomb "^3.2.21"

postcss-pseudo-class-any-link@^4.0.0:
  version "4.0.0"
  resolved "https://registry.yarnpkg.com/postcss-pseudo-class-any-link/-/postcss-pseudo-class-any-link-4.0.0.tgz#9152a0613d3450720513e8892854bae42d0ee68e"
  dependencies:
    postcss "^6.0.1"
    postcss-selector-parser "^2.2.3"

postcss-replace-overflow-wrap@^2.0.0:
  version "2.0.0"
  resolved "https://registry.yarnpkg.com/postcss-replace-overflow-wrap/-/postcss-replace-overflow-wrap-2.0.0.tgz#794db6faa54f8db100854392a93af45768b4e25b"
  dependencies:
    postcss "^6.0.1"

postcss-selector-matches@^3.0.0, postcss-selector-matches@^3.0.1:
  version "3.0.1"
  resolved "https://registry.yarnpkg.com/postcss-selector-matches/-/postcss-selector-matches-3.0.1.tgz#e5634011e13950881861bbdd58c2d0111ffc96ab"
  dependencies:
    balanced-match "^0.4.2"
    postcss "^6.0.1"

postcss-selector-not@^3.0.1:
  version "3.0.1"
  resolved "https://registry.yarnpkg.com/postcss-selector-not/-/postcss-selector-not-3.0.1.tgz#2e4db2f0965336c01e7cec7db6c60dff767335d9"
  dependencies:
    balanced-match "^0.4.2"
    postcss "^6.0.1"

postcss-selector-parser@^2.2.3:
  version "2.2.3"
  resolved "https://registry.yarnpkg.com/postcss-selector-parser/-/postcss-selector-parser-2.2.3.tgz#f9437788606c3c9acee16ffe8d8b16297f27bb90"
  dependencies:
    flatten "^1.0.2"
    indexes-of "^1.0.1"
    uniq "^1.0.1"

postcss-selector-parser@^3.1.1:
  version "3.1.1"
  resolved "https://registry.yarnpkg.com/postcss-selector-parser/-/postcss-selector-parser-3.1.1.tgz#4f875f4afb0c96573d5cf4d74011aee250a7e865"
  dependencies:
    dot-prop "^4.1.1"
    indexes-of "^1.0.1"
    uniq "^1.0.1"

postcss-value-parser@^3.2.3, postcss-value-parser@^3.3.0:
  version "3.3.0"
  resolved "https://registry.yarnpkg.com/postcss-value-parser/-/postcss-value-parser-3.3.0.tgz#87f38f9f18f774a4ab4c8a232f5c5ce8872a9d15"

postcss-values-parser@^1.3.2, postcss-values-parser@^1.5.0:
  version "1.5.0"
  resolved "https://registry.yarnpkg.com/postcss-values-parser/-/postcss-values-parser-1.5.0.tgz#5d9fa63e2bcb0179ce48f3235303765eb89f3047"
  dependencies:
    flatten "^1.0.2"
    indexes-of "^1.0.1"
    uniq "^1.0.1"

postcss@6.0.22, postcss@^6, postcss@^6.0, postcss@^6.0.0, postcss@^6.0.1, postcss@^6.0.11, postcss@^6.0.14, postcss@^6.0.16, postcss@^6.0.18, postcss@^6.0.19, postcss@^6.0.20, postcss@^6.0.21, postcss@^6.0.22, postcss@^6.0.6:
  version "6.0.22"
  resolved "https://registry.yarnpkg.com/postcss/-/postcss-6.0.22.tgz#e23b78314905c3b90cbd61702121e7a78848f2a3"
  dependencies:
    chalk "^2.4.1"
    source-map "^0.6.1"
    supports-color "^5.4.0"

postcss@^5.0.5:
  version "5.2.18"
  resolved "https://registry.yarnpkg.com/postcss/-/postcss-5.2.18.tgz#badfa1497d46244f6390f58b319830d9107853c5"
  dependencies:
    chalk "^1.1.3"
    js-base64 "^2.1.9"
    source-map "^0.5.6"
    supports-color "^3.2.3"

precss@3.1.2:
  version "3.1.2"
  resolved "https://registry.yarnpkg.com/precss/-/precss-3.1.2.tgz#c82c0aa4ca5fe1e879799d697db0fac6d15d23bc"
  dependencies:
    postcss "^6.0.19"
    postcss-advanced-variables "^2.3.3"
    postcss-atroot "^0.1.3"
    postcss-extend-rule "^1.1.0"
    postcss-nested "^3.0.0"
    postcss-preset-env "^3.2.2"
    postcss-property-lookup "^2.0.0"

read-cache@^1.0.0:
  version "1.0.0"
  resolved "https://registry.yarnpkg.com/read-cache/-/read-cache-1.0.0.tgz#e664ef31161166c9751cdbe8dbcf86b5fb58f774"
  dependencies:
    pify "^2.3.0"

regenerator-runtime@^0.11.0:
  version "0.11.1"
  resolved "https://registry.yarnpkg.com/regenerator-runtime/-/regenerator-runtime-0.11.1.tgz#be05ad7f9bf7d22e056f9726cee5017fbf19e2e9"

resolve@^1.1.7:
  version "1.7.1"
  resolved "https://registry.yarnpkg.com/resolve/-/resolve-1.7.1.tgz#aadd656374fd298aee895bc026b8297418677fd3"
  dependencies:
    path-parse "^1.0.5"

simple-swizzle@^0.2.2:
  version "0.2.2"
  resolved "https://registry.yarnpkg.com/simple-swizzle/-/simple-swizzle-0.2.2.tgz#a4da6b635ffcccca33f70d17cb92592de95e557a"
  dependencies:
    is-arrayish "^0.3.1"

source-map@^0.5.6:
  version "0.5.7"
  resolved "https://registry.yarnpkg.com/source-map/-/source-map-0.5.7.tgz#8a039d2d1021d22d1ea14c80d8ea468ba2ef3fcc"

source-map@^0.6.1:
  version "0.6.1"
  resolved "https://registry.yarnpkg.com/source-map/-/source-map-0.6.1.tgz#74722af32e9614e9c287a8d0bbde48b5e2f1a263"

strip-ansi@^3.0.0:
  version "3.0.1"
  resolved "https://registry.yarnpkg.com/strip-ansi/-/strip-ansi-3.0.1.tgz#6a385fb8853d952d5ff05d0e8aaf94278dc63dcf"
  dependencies:
    ansi-regex "^2.0.0"

supports-color@^2.0.0:
  version "2.0.0"
  resolved "https://registry.yarnpkg.com/supports-color/-/supports-color-2.0.0.tgz#535d045ce6b6363fa40117084629995e9df324c7"

supports-color@^3.2.3:
  version "3.2.3"
  resolved "https://registry.yarnpkg.com/supports-color/-/supports-color-3.2.3.tgz#65ac0504b3954171d8a64946b2ae3cbb8a5f54f6"
  dependencies:
    has-flag "^1.0.0"

supports-color@^5.3.0, supports-color@^5.4.0:
  version "5.4.0"
  resolved "https://registry.yarnpkg.com/supports-color/-/supports-color-5.4.0.tgz#1c6b337402c2137605efe19f10fec390f6faab54"
  dependencies:
    has-flag "^3.0.0"

tcomb@^3.2.21:
  version "3.2.27"
  resolved "https://registry.yarnpkg.com/tcomb/-/tcomb-3.2.27.tgz#f4928bfc536b959d21a47e5f5f1ca2b2e4b7188a"

uniq@^1.0.1:
  version "1.0.1"
  resolved "https://registry.yarnpkg.com/uniq/-/uniq-1.0.1.tgz#b31c5ae8254844a3a8281541ce2b04b865a734ff"
